// !$*UTF8*$!
{
	archiveVersion = 1;
	classes = {
	};
	objectVersion = 56;
	objects = {

/* Begin PBXBuildFile section */
		DE0AFAD72A84ECDC0058BF41 /* Book.swift in Sources */ = {isa = PBXBuildFile; fileRef = DE0AFAD62A84ECDC0058BF41 /* Book.swift */; };
		DE0AFAE22A84EF800058BF41 /* .gitignore in Resources */ = {isa = PBXBuildFile; fileRef = DE0AFAE12A84EF800058BF41 /* .gitignore */; };
		DE0AFAE42A84EFA20058BF41 /* APIKey.swift in Sources */ = {isa = PBXBuildFile; fileRef = DE0AFAE32A84EFA20058BF41 /* APIKey.swift */; };
		DE0B66FD2AA5A76800A91FE8 /* BaseViewController.swift in Sources */ = {isa = PBXBuildFile; fileRef = DE0B66FC2AA5A76800A91FE8 /* BaseViewController.swift */; };
		DE0B66FF2AA5A79500A91FE8 /* Color.swift in Sources */ = {isa = PBXBuildFile; fileRef = DE0B66FE2AA5A79500A91FE8 /* Color.swift */; };
		DE0B67012AA5AA2800A91FE8 /* ReusableProtocol.swift in Sources */ = {isa = PBXBuildFile; fileRef = DE0B67002AA5AA2800A91FE8 /* ReusableProtocol.swift */; };
		DE0B67032AA5AA4A00A91FE8 /* BaseCollectionViewCell.swift in Sources */ = {isa = PBXBuildFile; fileRef = DE0B67022AA5AA4A00A91FE8 /* BaseCollectionViewCell.swift */; };
		DE0B67052AA5AAD800A91FE8 /* BaseTableViewCell.swift in Sources */ = {isa = PBXBuildFile; fileRef = DE0B67042AA5AAD800A91FE8 /* BaseTableViewCell.swift */; };
		DE0B67082AA5AB6600A91FE8 /* HomeViewController.swift in Sources */ = {isa = PBXBuildFile; fileRef = DE0B67072AA5AB6600A91FE8 /* HomeViewController.swift */; };
		DE0B67122AA5ACAA00A91FE8 /* BookCollectionViewCell.swift in Sources */ = {isa = PBXBuildFile; fileRef = DE0B67112AA5ACAA00A91FE8 /* BookCollectionViewCell.swift */; };
		DE0B67142AA5AD9E00A91FE8 /* PhotoImageView.swift in Sources */ = {isa = PBXBuildFile; fileRef = DE0B67132AA5AD9E00A91FE8 /* PhotoImageView.swift */; };
		DE0B67172AA5B16500A91FE8 /* Alamofire in Frameworks */ = {isa = PBXBuildFile; productRef = DE0B67162AA5B16500A91FE8 /* Alamofire */; };
		DE0B671A2AA5B16D00A91FE8 /* Kingfisher in Frameworks */ = {isa = PBXBuildFile; productRef = DE0B67192AA5B16D00A91FE8 /* Kingfisher */; };
		DE0B671D2AA5B17900A91FE8 /* SnapKit in Frameworks */ = {isa = PBXBuildFile; productRef = DE0B671C2AA5B17900A91FE8 /* SnapKit */; };
		DE0B67202AA5B19500A91FE8 /* Realm in Frameworks */ = {isa = PBXBuildFile; productRef = DE0B671F2AA5B19500A91FE8 /* Realm */; };
		DE0B67222AA5B19500A91FE8 /* RealmSwift in Frameworks */ = {isa = PBXBuildFile; productRef = DE0B67212AA5B19500A91FE8 /* RealmSwift */; };
		DE0B67252AA5B1A600A91FE8 /* SwiftyJSON in Frameworks */ = {isa = PBXBuildFile; productRef = DE0B67242AA5B1A600A91FE8 /* SwiftyJSON */; };
		DEE41FCA2A7C05240047F18C /* AppDelegate.swift in Sources */ = {isa = PBXBuildFile; fileRef = DEE41FC92A7C05240047F18C /* AppDelegate.swift */; };
		DEE41FCC2A7C05240047F18C /* SceneDelegate.swift in Sources */ = {isa = PBXBuildFile; fileRef = DEE41FCB2A7C05240047F18C /* SceneDelegate.swift */; };
		DEE41FD12A7C05240047F18C /* Main.storyboard in Resources */ = {isa = PBXBuildFile; fileRef = DEE41FCF2A7C05240047F18C /* Main.storyboard */; };
		DEE41FD32A7C05250047F18C /* Assets.xcassets in Resources */ = {isa = PBXBuildFile; fileRef = DEE41FD22A7C05250047F18C /* Assets.xcassets */; };
		DEE41FD62A7C05250047F18C /* LaunchScreen.storyboard in Resources */ = {isa = PBXBuildFile; fileRef = DEE41FD42A7C05250047F18C /* LaunchScreen.storyboard */; };
		DEE41FDE2A7C06180047F18C /* BookWormCollectionViewController.swift in Sources */ = {isa = PBXBuildFile; fileRef = DEE41FDD2A7C06180047F18C /* BookWormCollectionViewController.swift */; };
		DEE41FE12A7C07020047F18C /* BookCollectionViewCell.swift in Sources */ = {isa = PBXBuildFile; fileRef = DEE41FDF2A7C07020047F18C /* BookCollectionViewCell.swift */; };
		DEE41FE22A7C07020047F18C /* BookCollectionViewCell.xib in Resources */ = {isa = PBXBuildFile; fileRef = DEE41FE02A7C07020047F18C /* BookCollectionViewCell.xib */; };
		DEE41FE42A7C07E40047F18C /* MovieInfo.swift in Sources */ = {isa = PBXBuildFile; fileRef = DEE41FE32A7C07E40047F18C /* MovieInfo.swift */; };
		DEE41FE62A7C08160047F18C /* Movie.swift in Sources */ = {isa = PBXBuildFile; fileRef = DEE41FE52A7C08160047F18C /* Movie.swift */; };
		DEE41FE82A7C21750047F18C /* DiscoverViewController.swift in Sources */ = {isa = PBXBuildFile; fileRef = DEE41FE72A7C21750047F18C /* DiscoverViewController.swift */; };
		DEE41FEC2A7C23B40047F18C /* SearchViewController.swift in Sources */ = {isa = PBXBuildFile; fileRef = DEE41FEB2A7C23B40047F18C /* SearchViewController.swift */; };
		DEE41FEE2A7C276D0047F18C /* DetailViewController.swift in Sources */ = {isa = PBXBuildFile; fileRef = DEE41FED2A7C276D0047F18C /* DetailViewController.swift */; };
		DEE41FF32A7C3A850047F18C /* SearchTableViewCell.swift in Sources */ = {isa = PBXBuildFile; fileRef = DEE41FF12A7C3A850047F18C /* SearchTableViewCell.swift */; };
		DEE41FF42A7C3A850047F18C /* SearchTableViewCell.xib in Resources */ = {isa = PBXBuildFile; fileRef = DEE41FF22A7C3A850047F18C /* SearchTableViewCell.xib */; };
/* End PBXBuildFile section */

/* Begin PBXFileReference section */
		DE0AFAD62A84ECDC0058BF41 /* Book.swift */ = {isa = PBXFileReference; lastKnownFileType = sourcecode.swift; path = Book.swift; sourceTree = "<group>"; };
		DE0AFAE12A84EF800058BF41 /* .gitignore */ = {isa = PBXFileReference; lastKnownFileType = text; path = .gitignore; sourceTree = "<group>"; };
		DE0AFAE32A84EFA20058BF41 /* APIKey.swift */ = {isa = PBXFileReference; lastKnownFileType = sourcecode.swift; path = APIKey.swift; sourceTree = "<group>"; };
		DE0B66FC2AA5A76800A91FE8 /* BaseViewController.swift */ = {isa = PBXFileReference; lastKnownFileType = sourcecode.swift; path = BaseViewController.swift; sourceTree = "<group>"; };
		DE0B66FE2AA5A79500A91FE8 /* Color.swift */ = {isa = PBXFileReference; lastKnownFileType = sourcecode.swift; path = Color.swift; sourceTree = "<group>"; };
		DE0B67002AA5AA2800A91FE8 /* ReusableProtocol.swift */ = {isa = PBXFileReference; lastKnownFileType = sourcecode.swift; path = ReusableProtocol.swift; sourceTree = "<group>"; };
		DE0B67022AA5AA4A00A91FE8 /* BaseCollectionViewCell.swift */ = {isa = PBXFileReference; lastKnownFileType = sourcecode.swift; path = BaseCollectionViewCell.swift; sourceTree = "<group>"; };
		DE0B67042AA5AAD800A91FE8 /* BaseTableViewCell.swift */ = {isa = PBXFileReference; lastKnownFileType = sourcecode.swift; path = BaseTableViewCell.swift; sourceTree = "<group>"; };
		DE0B67072AA5AB6600A91FE8 /* HomeViewController.swift */ = {isa = PBXFileReference; lastKnownFileType = sourcecode.swift; path = HomeViewController.swift; sourceTree = "<group>"; };
		DE0B67112AA5ACAA00A91FE8 /* BookCollectionViewCell.swift */ = {isa = PBXFileReference; lastKnownFileType = sourcecode.swift; path = BookCollectionViewCell.swift; sourceTree = "<group>"; };
		DE0B67132AA5AD9E00A91FE8 /* PhotoImageView.swift */ = {isa = PBXFileReference; lastKnownFileType = sourcecode.swift; path = PhotoImageView.swift; sourceTree = "<group>"; };
		DEE41FC62A7C05240047F18C /* BookWORM.app */ = {isa = PBXFileReference; explicitFileType = wrapper.application; includeInIndex = 0; path = BookWORM.app; sourceTree = BUILT_PRODUCTS_DIR; };
		DEE41FC92A7C05240047F18C /* AppDelegate.swift */ = {isa = PBXFileReference; lastKnownFileType = sourcecode.swift; path = AppDelegate.swift; sourceTree = "<group>"; };
		DEE41FCB2A7C05240047F18C /* SceneDelegate.swift */ = {isa = PBXFileReference; lastKnownFileType = sourcecode.swift; path = SceneDelegate.swift; sourceTree = "<group>"; };
		DEE41FD02A7C05240047F18C /* Base */ = {isa = PBXFileReference; lastKnownFileType = file.storyboard; name = Base; path = Base.lproj/Main.storyboard; sourceTree = "<group>"; };
		DEE41FD22A7C05250047F18C /* Assets.xcassets */ = {isa = PBXFileReference; lastKnownFileType = folder.assetcatalog; path = Assets.xcassets; sourceTree = "<group>"; };
		DEE41FD52A7C05250047F18C /* Base */ = {isa = PBXFileReference; lastKnownFileType = file.storyboard; name = Base; path = Base.lproj/LaunchScreen.storyboard; sourceTree = "<group>"; };
		DEE41FD72A7C05250047F18C /* Info.plist */ = {isa = PBXFileReference; lastKnownFileType = text.plist.xml; path = Info.plist; sourceTree = "<group>"; };
		DEE41FDD2A7C06180047F18C /* BookWormCollectionViewController.swift */ = {isa = PBXFileReference; lastKnownFileType = sourcecode.swift; path = BookWormCollectionViewController.swift; sourceTree = "<group>"; };
		DEE41FDF2A7C07020047F18C /* BookCollectionViewCell.swift */ = {isa = PBXFileReference; lastKnownFileType = sourcecode.swift; path = BookCollectionViewCell.swift; sourceTree = "<group>"; };
		DEE41FE02A7C07020047F18C /* BookCollectionViewCell.xib */ = {isa = PBXFileReference; lastKnownFileType = file.xib; path = BookCollectionViewCell.xib; sourceTree = "<group>"; };
		DEE41FE32A7C07E40047F18C /* MovieInfo.swift */ = {isa = PBXFileReference; fileEncoding = 4; lastKnownFileType = sourcecode.swift; name = MovieInfo.swift; path = ../../../Week02/MovieInfo.swift; sourceTree = "<group>"; };
		DEE41FE52A7C08160047F18C /* Movie.swift */ = {isa = PBXFileReference; fileEncoding = 4; lastKnownFileType = sourcecode.swift; name = Movie.swift; path = ../../BOOKWARM/Movie.swift; sourceTree = "<group>"; };
		DEE41FE72A7C21750047F18C /* DiscoverViewController.swift */ = {isa = PBXFileReference; lastKnownFileType = sourcecode.swift; path = DiscoverViewController.swift; sourceTree = "<group>"; };
		DEE41FEB2A7C23B40047F18C /* SearchViewController.swift */ = {isa = PBXFileReference; lastKnownFileType = sourcecode.swift; path = SearchViewController.swift; sourceTree = "<group>"; };
		DEE41FED2A7C276D0047F18C /* DetailViewController.swift */ = {isa = PBXFileReference; lastKnownFileType = sourcecode.swift; path = DetailViewController.swift; sourceTree = "<group>"; };
		DEE41FF12A7C3A850047F18C /* SearchTableViewCell.swift */ = {isa = PBXFileReference; lastKnownFileType = sourcecode.swift; path = SearchTableViewCell.swift; sourceTree = "<group>"; };
		DEE41FF22A7C3A850047F18C /* SearchTableViewCell.xib */ = {isa = PBXFileReference; lastKnownFileType = file.xib; path = SearchTableViewCell.xib; sourceTree = "<group>"; };
/* End PBXFileReference section */

/* Begin PBXFrameworksBuildPhase section */
		DEE41FC32A7C05240047F18C /* Frameworks */ = {
			isa = PBXFrameworksBuildPhase;
			buildActionMask = 2147483647;
			files = (
				DE0B67252AA5B1A600A91FE8 /* SwiftyJSON in Frameworks */,
				DE0B671D2AA5B17900A91FE8 /* SnapKit in Frameworks */,
				DE0B671A2AA5B16D00A91FE8 /* Kingfisher in Frameworks */,
				DE0B67202AA5B19500A91FE8 /* Realm in Frameworks */,
				DE0B67222AA5B19500A91FE8 /* RealmSwift in Frameworks */,
				DE0B67172AA5B16500A91FE8 /* Alamofire in Frameworks */,
			);
			runOnlyForDeploymentPostprocessing = 0;
		};
/* End PBXFrameworksBuildPhase section */

/* Begin PBXGroup section */
		DE0B66F52AA5A0AB00A91FE8 /* Network */ = {
			isa = PBXGroup;
			children = (
			);
			path = Network;
			sourceTree = "<group>";
		};
		DE0B66F62AA5A0B400A91FE8 /* Utility */ = {
			isa = PBXGroup;
			children = (
				DE0B66FE2AA5A79500A91FE8 /* Color.swift */,
			);
			path = Utility;
			sourceTree = "<group>";
		};
		DE0B66F72AA5A0C400A91FE8 /* Base */ = {
			isa = PBXGroup;
			children = (
				DE0B66FC2AA5A76800A91FE8 /* BaseViewController.swift */,
				DE0B67002AA5AA2800A91FE8 /* ReusableProtocol.swift */,
				DE0B67022AA5AA4A00A91FE8 /* BaseCollectionViewCell.swift */,
				DE0B67042AA5AAD800A91FE8 /* BaseTableViewCell.swift */,
			);
			path = Base;
			sourceTree = "<group>";
		};
		DE0B66F82AA5A0CD00A91FE8 /* View */ = {
			isa = PBXGroup;
			children = (
				DE0B67132AA5AD9E00A91FE8 /* PhotoImageView.swift */,
			);
			path = View;
			sourceTree = "<group>";
		};
		DE0B66F92AA5A0D300A91FE8 /* Cell */ = {
			isa = PBXGroup;
			children = (
				DE0B67112AA5ACAA00A91FE8 /* BookCollectionViewCell.swift */,
			);
			path = Cell;
			sourceTree = "<group>";
		};
		DE0B66FA2AA5A0D900A91FE8 /* Scene */ = {
			isa = PBXGroup;
			children = (
				DE0B67062AA5AB5400A91FE8 /* Home */,
			);
			path = Scene;
			sourceTree = "<group>";
		};
		DE0B66FB2AA5A0E300A91FE8 /* Realm */ = {
			isa = PBXGroup;
			children = (
			);
			path = Realm;
			sourceTree = "<group>";
		};
		DE0B67062AA5AB5400A91FE8 /* Home */ = {
			isa = PBXGroup;
			children = (
				DE0B67072AA5AB6600A91FE8 /* HomeViewController.swift */,
			);
			path = Home;
			sourceTree = "<group>";
		};
		DEE41FBD2A7C05240047F18C = {
			isa = PBXGroup;
			children = (
				DEE41FC82A7C05240047F18C /* BookWORM */,
				DEE41FC72A7C05240047F18C /* Products */,
			);
			sourceTree = "<group>";
		};
		DEE41FC72A7C05240047F18C /* Products */ = {
			isa = PBXGroup;
			children = (
				DEE41FC62A7C05240047F18C /* BookWORM.app */,
			);
			name = Products;
			sourceTree = "<group>";
		};
		DEE41FC82A7C05240047F18C /* BookWORM */ = {
			isa = PBXGroup;
			children = (
				DE0B66F52AA5A0AB00A91FE8 /* Network */,
				DE0B66F62AA5A0B400A91FE8 /* Utility */,
				DE0B66F72AA5A0C400A91FE8 /* Base */,
				DE0B66FA2AA5A0D900A91FE8 /* Scene */,
				DE0B66F82AA5A0CD00A91FE8 /* View */,
				DE0B66F92AA5A0D300A91FE8 /* Cell */,
				DE0B66FB2AA5A0E300A91FE8 /* Realm */,
				DEE41FC92A7C05240047F18C /* AppDelegate.swift */,
				DEE41FCB2A7C05240047F18C /* SceneDelegate.swift */,
				DEE41FCF2A7C05240047F18C /* Main.storyboard */,
				DEE41FF12A7C3A850047F18C /* SearchTableViewCell.swift */,
				DEE41FF22A7C3A850047F18C /* SearchTableViewCell.xib */,
				DEE41FED2A7C276D0047F18C /* DetailViewController.swift */,
				DEE41FEB2A7C23B40047F18C /* SearchViewController.swift */,
				DE0AFAE12A84EF800058BF41 /* .gitignore */,
				DE0AFAD62A84ECDC0058BF41 /* Book.swift */,
				DEE41FE72A7C21750047F18C /* DiscoverViewController.swift */,
				DEE41FDF2A7C07020047F18C /* BookCollectionViewCell.swift */,
				DEE41FE02A7C07020047F18C /* BookCollectionViewCell.xib */,
				DEE41FDD2A7C06180047F18C /* BookWormCollectionViewController.swift */,
				DE0AFAE32A84EFA20058BF41 /* APIKey.swift */,
				DEE41FD22A7C05250047F18C /* Assets.xcassets */,
				DEE41FD42A7C05250047F18C /* LaunchScreen.storyboard */,
				DEE41FD72A7C05250047F18C /* Info.plist */,
				DEE41FE32A7C07E40047F18C /* MovieInfo.swift */,
				DEE41FE52A7C08160047F18C /* Movie.swift */,
			);
			path = BookWORM;
			sourceTree = "<group>";
		};
/* End PBXGroup section */

/* Begin PBXNativeTarget section */
		DEE41FC52A7C05240047F18C /* BookWORM */ = {
			isa = PBXNativeTarget;
			buildConfigurationList = DEE41FDA2A7C05250047F18C /* Build configuration list for PBXNativeTarget "BookWORM" */;
			buildPhases = (
				DEE41FC22A7C05240047F18C /* Sources */,
				DEE41FC32A7C05240047F18C /* Frameworks */,
				DEE41FC42A7C05240047F18C /* Resources */,
			);
			buildRules = (
			);
			dependencies = (
			);
			name = BookWORM;
			packageProductDependencies = (
				DE0B67162AA5B16500A91FE8 /* Alamofire */,
				DE0B67192AA5B16D00A91FE8 /* Kingfisher */,
				DE0B671C2AA5B17900A91FE8 /* SnapKit */,
				DE0B671F2AA5B19500A91FE8 /* Realm */,
				DE0B67212AA5B19500A91FE8 /* RealmSwift */,
				DE0B67242AA5B1A600A91FE8 /* SwiftyJSON */,
			);
			productName = BookWORM;
			productReference = DEE41FC62A7C05240047F18C /* BookWORM.app */;
			productType = "com.apple.product-type.application";
		};
/* End PBXNativeTarget section */

/* Begin PBXProject section */
		DEE41FBE2A7C05240047F18C /* Project object */ = {
			isa = PBXProject;
			attributes = {
				BuildIndependentTargetsInParallel = 1;
				LastSwiftUpdateCheck = 1430;
				LastUpgradeCheck = 1430;
				TargetAttributes = {
					DEE41FC52A7C05240047F18C = {
						CreatedOnToolsVersion = 14.3.1;
					};
				};
			};
			buildConfigurationList = DEE41FC12A7C05240047F18C /* Build configuration list for PBXProject "BookWORM" */;
			compatibilityVersion = "Xcode 14.0";
			developmentRegion = en;
			hasScannedForEncodings = 0;
			knownRegions = (
				en,
				Base,
			);
			mainGroup = DEE41FBD2A7C05240047F18C;
			packageReferences = (
				DE0B67152AA5B16500A91FE8 /* XCRemoteSwiftPackageReference "Alamofire" */,
				DE0B67182AA5B16D00A91FE8 /* XCRemoteSwiftPackageReference "Kingfisher" */,
				DE0B671B2AA5B17900A91FE8 /* XCRemoteSwiftPackageReference "SnapKit" */,
				DE0B671E2AA5B19500A91FE8 /* XCRemoteSwiftPackageReference "realm-swift" */,
				DE0B67232AA5B1A600A91FE8 /* XCRemoteSwiftPackageReference "SwiftyJSON" */,
			);
			productRefGroup = DEE41FC72A7C05240047F18C /* Products */;
			projectDirPath = "";
			projectRoot = "";
			targets = (
				DEE41FC52A7C05240047F18C /* BookWORM */,
			);
		};
/* End PBXProject section */

/* Begin PBXResourcesBuildPhase section */
		DEE41FC42A7C05240047F18C /* Resources */ = {
			isa = PBXResourcesBuildPhase;
			buildActionMask = 2147483647;
			files = (
				DEE41FD62A7C05250047F18C /* LaunchScreen.storyboard in Resources */,
				DEE41FE22A7C07020047F18C /* BookCollectionViewCell.xib in Resources */,
				DEE41FD32A7C05250047F18C /* Assets.xcassets in Resources */,
				DEE41FD12A7C05240047F18C /* Main.storyboard in Resources */,
				DE0AFAE22A84EF800058BF41 /* .gitignore in Resources */,
				DEE41FF42A7C3A850047F18C /* SearchTableViewCell.xib in Resources */,
			);
			runOnlyForDeploymentPostprocessing = 0;
		};
/* End PBXResourcesBuildPhase section */

/* Begin PBXSourcesBuildPhase section */
		DEE41FC22A7C05240047F18C /* Sources */ = {
			isa = PBXSourcesBuildPhase;
			buildActionMask = 2147483647;
			files = (
				DE0B66FD2AA5A76800A91FE8 /* BaseViewController.swift in Sources */,
				DEE41FEE2A7C276D0047F18C /* DetailViewController.swift in Sources */,
				DE0B67012AA5AA2800A91FE8 /* ReusableProtocol.swift in Sources */,
				DE0B67142AA5AD9E00A91FE8 /* PhotoImageView.swift in Sources */,
				DE0B67122AA5ACAA00A91FE8 /* BookCollectionViewCell.swift in Sources */,
				DEE41FCA2A7C05240047F18C /* AppDelegate.swift in Sources */,
				DEE41FE42A7C07E40047F18C /* MovieInfo.swift in Sources */,
				DE0B67082AA5AB6600A91FE8 /* HomeViewController.swift in Sources */,
				DE0B67032AA5AA4A00A91FE8 /* BaseCollectionViewCell.swift in Sources */,
				DE0AFAD72A84ECDC0058BF41 /* Book.swift in Sources */,
				DEE41FE82A7C21750047F18C /* DiscoverViewController.swift in Sources */,
				DEE41FEC2A7C23B40047F18C /* SearchViewController.swift in Sources */,
				DEE41FE62A7C08160047F18C /* Movie.swift in Sources */,
				DEE41FE12A7C07020047F18C /* BookCollectionViewCell.swift in Sources */,
				DE0B66FF2AA5A79500A91FE8 /* Color.swift in Sources */,
				DE0B67052AA5AAD800A91FE8 /* BaseTableViewCell.swift in Sources */,
				DEE41FCC2A7C05240047F18C /* SceneDelegate.swift in Sources */,
				DEE41FDE2A7C06180047F18C /* BookWormCollectionViewController.swift in Sources */,
				DE0AFAE42A84EFA20058BF41 /* APIKey.swift in Sources */,
				DEE41FF32A7C3A850047F18C /* SearchTableViewCell.swift in Sources */,
			);
			runOnlyForDeploymentPostprocessing = 0;
		};
/* End PBXSourcesBuildPhase section */

/* Begin PBXVariantGroup section */
		DEE41FCF2A7C05240047F18C /* Main.storyboard */ = {
			isa = PBXVariantGroup;
			children = (
				DEE41FD02A7C05240047F18C /* Base */,
			);
			name = Main.storyboard;
			sourceTree = "<group>";
		};
		DEE41FD42A7C05250047F18C /* LaunchScreen.storyboard */ = {
			isa = PBXVariantGroup;
			children = (
				DEE41FD52A7C05250047F18C /* Base */,
			);
			name = LaunchScreen.storyboard;
			sourceTree = "<group>";
		};
/* End PBXVariantGroup section */

/* Begin XCBuildConfiguration section */
		DEE41FD82A7C05250047F18C /* Debug */ = {
			isa = XCBuildConfiguration;
			buildSettings = {
				ALWAYS_SEARCH_USER_PATHS = NO;
				CLANG_ANALYZER_NONNULL = YES;
				CLANG_ANALYZER_NUMBER_OBJECT_CONVERSION = YES_AGGRESSIVE;
				CLANG_CXX_LANGUAGE_STANDARD = "gnu++20";
				CLANG_ENABLE_MODULES = YES;
				CLANG_ENABLE_OBJC_ARC = YES;
				CLANG_ENABLE_OBJC_WEAK = YES;
				CLANG_WARN_BLOCK_CAPTURE_AUTORELEASING = YES;
				CLANG_WARN_BOOL_CONVERSION = YES;
				CLANG_WARN_COMMA = YES;
				CLANG_WARN_CONSTANT_CONVERSION = YES;
				CLANG_WARN_DEPRECATED_OBJC_IMPLEMENTATIONS = YES;
				CLANG_WARN_DIRECT_OBJC_ISA_USAGE = YES_ERROR;
				CLANG_WARN_DOCUMENTATION_COMMENTS = YES;
				CLANG_WARN_EMPTY_BODY = YES;
				CLANG_WARN_ENUM_CONVERSION = YES;
				CLANG_WARN_INFINITE_RECURSION = YES;
				CLANG_WARN_INT_CONVERSION = YES;
				CLANG_WARN_NON_LITERAL_NULL_CONVERSION = YES;
				CLANG_WARN_OBJC_IMPLICIT_RETAIN_SELF = YES;
				CLANG_WARN_OBJC_LITERAL_CONVERSION = YES;
				CLANG_WARN_OBJC_ROOT_CLASS = YES_ERROR;
				CLANG_WARN_QUOTED_INCLUDE_IN_FRAMEWORK_HEADER = YES;
				CLANG_WARN_RANGE_LOOP_ANALYSIS = YES;
				CLANG_WARN_STRICT_PROTOTYPES = YES;
				CLANG_WARN_SUSPICIOUS_MOVE = YES;
				CLANG_WARN_UNGUARDED_AVAILABILITY = YES_AGGRESSIVE;
				CLANG_WARN_UNREACHABLE_CODE = YES;
				CLANG_WARN__DUPLICATE_METHOD_MATCH = YES;
				COPY_PHASE_STRIP = NO;
				DEBUG_INFORMATION_FORMAT = dwarf;
				ENABLE_STRICT_OBJC_MSGSEND = YES;
				ENABLE_TESTABILITY = YES;
				GCC_C_LANGUAGE_STANDARD = gnu11;
				GCC_DYNAMIC_NO_PIC = NO;
				GCC_NO_COMMON_BLOCKS = YES;
				GCC_OPTIMIZATION_LEVEL = 0;
				GCC_PREPROCESSOR_DEFINITIONS = (
					"DEBUG=1",
					"$(inherited)",
				);
				GCC_WARN_64_TO_32_BIT_CONVERSION = YES;
				GCC_WARN_ABOUT_RETURN_TYPE = YES_ERROR;
				GCC_WARN_UNDECLARED_SELECTOR = YES;
				GCC_WARN_UNINITIALIZED_AUTOS = YES_AGGRESSIVE;
				GCC_WARN_UNUSED_FUNCTION = YES;
				GCC_WARN_UNUSED_VARIABLE = YES;
				IPHONEOS_DEPLOYMENT_TARGET = 16.4;
				MTL_ENABLE_DEBUG_INFO = INCLUDE_SOURCE;
				MTL_FAST_MATH = YES;
				ONLY_ACTIVE_ARCH = YES;
				SDKROOT = iphoneos;
				SWIFT_ACTIVE_COMPILATION_CONDITIONS = DEBUG;
				SWIFT_OPTIMIZATION_LEVEL = "-Onone";
			};
			name = Debug;
		};
		DEE41FD92A7C05250047F18C /* Release */ = {
			isa = XCBuildConfiguration;
			buildSettings = {
				ALWAYS_SEARCH_USER_PATHS = NO;
				CLANG_ANALYZER_NONNULL = YES;
				CLANG_ANALYZER_NUMBER_OBJECT_CONVERSION = YES_AGGRESSIVE;
				CLANG_CXX_LANGUAGE_STANDARD = "gnu++20";
				CLANG_ENABLE_MODULES = YES;
				CLANG_ENABLE_OBJC_ARC = YES;
				CLANG_ENABLE_OBJC_WEAK = YES;
				CLANG_WARN_BLOCK_CAPTURE_AUTORELEASING = YES;
				CLANG_WARN_BOOL_CONVERSION = YES;
				CLANG_WARN_COMMA = YES;
				CLANG_WARN_CONSTANT_CONVERSION = YES;
				CLANG_WARN_DEPRECATED_OBJC_IMPLEMENTATIONS = YES;
				CLANG_WARN_DIRECT_OBJC_ISA_USAGE = YES_ERROR;
				CLANG_WARN_DOCUMENTATION_COMMENTS = YES;
				CLANG_WARN_EMPTY_BODY = YES;
				CLANG_WARN_ENUM_CONVERSION = YES;
				CLANG_WARN_INFINITE_RECURSION = YES;
				CLANG_WARN_INT_CONVERSION = YES;
				CLANG_WARN_NON_LITERAL_NULL_CONVERSION = YES;
				CLANG_WARN_OBJC_IMPLICIT_RETAIN_SELF = YES;
				CLANG_WARN_OBJC_LITERAL_CONVERSION = YES;
				CLANG_WARN_OBJC_ROOT_CLASS = YES_ERROR;
				CLANG_WARN_QUOTED_INCLUDE_IN_FRAMEWORK_HEADER = YES;
				CLANG_WARN_RANGE_LOOP_ANALYSIS = YES;
				CLANG_WARN_STRICT_PROTOTYPES = YES;
				CLANG_WARN_SUSPICIOUS_MOVE = YES;
				CLANG_WARN_UNGUARDED_AVAILABILITY = YES_AGGRESSIVE;
				CLANG_WARN_UNREACHABLE_CODE = YES;
				CLANG_WARN__DUPLICATE_METHOD_MATCH = YES;
				COPY_PHASE_STRIP = NO;
				DEBUG_INFORMATION_FORMAT = "dwarf-with-dsym";
				ENABLE_NS_ASSERTIONS = NO;
				ENABLE_STRICT_OBJC_MSGSEND = YES;
				GCC_C_LANGUAGE_STANDARD = gnu11;
				GCC_NO_COMMON_BLOCKS = YES;
				GCC_WARN_64_TO_32_BIT_CONVERSION = YES;
				GCC_WARN_ABOUT_RETURN_TYPE = YES_ERROR;
				GCC_WARN_UNDECLARED_SELECTOR = YES;
				GCC_WARN_UNINITIALIZED_AUTOS = YES_AGGRESSIVE;
				GCC_WARN_UNUSED_FUNCTION = YES;
				GCC_WARN_UNUSED_VARIABLE = YES;
				IPHONEOS_DEPLOYMENT_TARGET = 16.4;
				MTL_ENABLE_DEBUG_INFO = NO;
				MTL_FAST_MATH = YES;
				SDKROOT = iphoneos;
				SWIFT_COMPILATION_MODE = wholemodule;
				SWIFT_OPTIMIZATION_LEVEL = "-O";
				VALIDATE_PRODUCT = YES;
			};
			name = Release;
		};
		DEE41FDB2A7C05250047F18C /* Debug */ = {
			isa = XCBuildConfiguration;
			buildSettings = {
				ASSETCATALOG_COMPILER_APPICON_NAME = AppIcon;
				ASSETCATALOG_COMPILER_GLOBAL_ACCENT_COLOR_NAME = AccentColor;
				CODE_SIGN_STYLE = Automatic;
				CURRENT_PROJECT_VERSION = 1;
				DEVELOPMENT_TEAM = 94879TT8BU;
				GENERATE_INFOPLIST_FILE = YES;
				INFOPLIST_FILE = BookWORM/Info.plist;
				INFOPLIST_KEY_UIApplicationSupportsIndirectInputEvents = YES;
				INFOPLIST_KEY_UILaunchStoryboardName = LaunchScreen;
				INFOPLIST_KEY_UIMainStoryboardFile = Main;
				INFOPLIST_KEY_UISupportedInterfaceOrientations_iPad = "UIInterfaceOrientationPortrait UIInterfaceOrientationPortraitUpsideDown UIInterfaceOrientationLandscapeLeft UIInterfaceOrientationLandscapeRight";
				INFOPLIST_KEY_UISupportedInterfaceOrientations_iPhone = "UIInterfaceOrientationPortrait UIInterfaceOrientationLandscapeLeft UIInterfaceOrientationLandscapeRight";
				IPHONEOS_DEPLOYMENT_TARGET = 16.0;
				LD_RUNPATH_SEARCH_PATHS = (
					"$(inherited)",
					"@executable_path/Frameworks",
				);
				MARKETING_VERSION = 1.0;
				PRODUCT_BUNDLE_IDENTIFIER = com.chaewon.BookWORM;
				PRODUCT_NAME = "$(TARGET_NAME)";
				SUPPORTED_PLATFORMS = "iphoneos iphonesimulator";
				SUPPORTS_MACCATALYST = NO;
				SUPPORTS_MAC_DESIGNED_FOR_IPHONE_IPAD = NO;
				SWIFT_EMIT_LOC_STRINGS = YES;
				SWIFT_VERSION = 5.0;
				TARGETED_DEVICE_FAMILY = 1;
			};
			name = Debug;
		};
		DEE41FDC2A7C05250047F18C /* Release */ = {
			isa = XCBuildConfiguration;
			buildSettings = {
				ASSETCATALOG_COMPILER_APPICON_NAME = AppIcon;
				ASSETCATALOG_COMPILER_GLOBAL_ACCENT_COLOR_NAME = AccentColor;
				CODE_SIGN_STYLE = Automatic;
				CURRENT_PROJECT_VERSION = 1;
				DEVELOPMENT_TEAM = 94879TT8BU;
				GENERATE_INFOPLIST_FILE = YES;
				INFOPLIST_FILE = BookWORM/Info.plist;
				INFOPLIST_KEY_UIApplicationSupportsIndirectInputEvents = YES;
				INFOPLIST_KEY_UILaunchStoryboardName = LaunchScreen;
				INFOPLIST_KEY_UIMainStoryboardFile = Main;
				INFOPLIST_KEY_UISupportedInterfaceOrientations_iPad = "UIInterfaceOrientationPortrait UIInterfaceOrientationPortraitUpsideDown UIInterfaceOrientationLandscapeLeft UIInterfaceOrientationLandscapeRight";
				INFOPLIST_KEY_UISupportedInterfaceOrientations_iPhone = "UIInterfaceOrientationPortrait UIInterfaceOrientationLandscapeLeft UIInterfaceOrientationLandscapeRight";
				IPHONEOS_DEPLOYMENT_TARGET = 16.0;
				LD_RUNPATH_SEARCH_PATHS = (
					"$(inherited)",
					"@executable_path/Frameworks",
				);
				MARKETING_VERSION = 1.0;
				PRODUCT_BUNDLE_IDENTIFIER = com.chaewon.BookWORM;
				PRODUCT_NAME = "$(TARGET_NAME)";
				SUPPORTED_PLATFORMS = "iphoneos iphonesimulator";
				SUPPORTS_MACCATALYST = NO;
				SUPPORTS_MAC_DESIGNED_FOR_IPHONE_IPAD = NO;
				SWIFT_EMIT_LOC_STRINGS = YES;
				SWIFT_VERSION = 5.0;
				TARGETED_DEVICE_FAMILY = 1;
			};
			name = Release;
		};
/* End XCBuildConfiguration section */

/* Begin XCConfigurationList section */
		DEE41FC12A7C05240047F18C /* Build configuration list for PBXProject "BookWORM" */ = {
			isa = XCConfigurationList;
			buildConfigurations = (
				DEE41FD82A7C05250047F18C /* Debug */,
				DEE41FD92A7C05250047F18C /* Release */,
			);
			defaultConfigurationIsVisible = 0;
			defaultConfigurationName = Release;
		};
		DEE41FDA2A7C05250047F18C /* Build configuration list for PBXNativeTarget "BookWORM" */ = {
			isa = XCConfigurationList;
			buildConfigurations = (
				DEE41FDB2A7C05250047F18C /* Debug */,
				DEE41FDC2A7C05250047F18C /* Release */,
			);
			defaultConfigurationIsVisible = 0;
			defaultConfigurationName = Release;
		};
/* End XCConfigurationList section */

/* Begin XCRemoteSwiftPackageReference section */
		DE0B67152AA5B16500A91FE8 /* XCRemoteSwiftPackageReference "Alamofire" */ = {
			isa = XCRemoteSwiftPackageReference;
			repositoryURL = "https://github.com/Alamofire/Alamofire.git";
			requirement = {
				kind = upToNextMajorVersion;
				minimumVersion = 5.0.0;
			};
		};
		DE0B67182AA5B16D00A91FE8 /* XCRemoteSwiftPackageReference "Kingfisher" */ = {
			isa = XCRemoteSwiftPackageReference;
			repositoryURL = "https://github.com/onevcat/Kingfisher.git";
			requirement = {
				kind = upToNextMajorVersion;
				minimumVersion = 7.0.0;
			};
		};
		DE0B671B2AA5B17900A91FE8 /* XCRemoteSwiftPackageReference "SnapKit" */ = {
			isa = XCRemoteSwiftPackageReference;
			repositoryURL = "https://github.com/SnapKit/SnapKit.git";
			requirement = {
				kind = upToNextMajorVersion;
				minimumVersion = 5.0.0;
			};
		};
		DE0B671E2AA5B19500A91FE8 /* XCRemoteSwiftPackageReference "realm-swift" */ = {
			isa = XCRemoteSwiftPackageReference;
			repositoryURL = "https://github.com/realm/realm-swift.git";
			requirement = {
				kind = upToNextMajorVersion;
				minimumVersion = 10.42.0;
			};
		};
		DE0B67232AA5B1A600A91FE8 /* XCRemoteSwiftPackageReference "SwiftyJSON" */ = {
			isa = XCRemoteSwiftPackageReference;
			repositoryURL = "https://github.com/SwiftyJSON/SwiftyJSON.git";
			requirement = {
				kind = upToNextMajorVersion;
				minimumVersion = 5.0.0;
			};
		};
/* End XCRemoteSwiftPackageReference section */

/* Begin XCSwiftPackageProductDependency section */
		DE0B67162AA5B16500A91FE8 /* Alamofire */ = {
			isa = XCSwiftPackageProductDependency;
			package = DE0B67152AA5B16500A91FE8 /* XCRemoteSwiftPackageReference "Alamofire" */;
			productName = Alamofire;
		};
		DE0B67192AA5B16D00A91FE8 /* Kingfisher */ = {
			isa = XCSwiftPackageProductDependency;
			package = DE0B67182AA5B16D00A91FE8 /* XCRemoteSwiftPackageReference "Kingfisher" */;
			productName = Kingfisher;
		};
		DE0B671C2AA5B17900A91FE8 /* SnapKit */ = {
			isa = XCSwiftPackageProductDependency;
			package = DE0B671B2AA5B17900A91FE8 /* XCRemoteSwiftPackageReference "SnapKit" */;
			productName = SnapKit;
		};
		DE0B671F2AA5B19500A91FE8 /* Realm */ = {
			isa = XCSwiftPackageProductDependency;
			package = DE0B671E2AA5B19500A91FE8 /* XCRemoteSwiftPackageReference "realm-swift" */;
			productName = Realm;
		};
		DE0B67212AA5B19500A91FE8 /* RealmSwift */ = {
			isa = XCSwiftPackageProductDependency;
			package = DE0B671E2AA5B19500A91FE8 /* XCRemoteSwiftPackageReference "realm-swift" */;
			productName = RealmSwift;
		};
		DE0B67242AA5B1A600A91FE8 /* SwiftyJSON */ = {
			isa = XCSwiftPackageProductDependency;
			package = DE0B67232AA5B1A600A91FE8 /* XCRemoteSwiftPackageReference "SwiftyJSON" */;
			productName = SwiftyJSON;
		};
/* End XCSwiftPackageProductDependency section */
	};
	rootObject = DEE41FBE2A7C05240047F18C /* Project object */;
}
